
Microsoft Visual Studio Solution File, Format Version 12.00
# Visual Studio 15
VisualStudioVersion = 15.0.27703.2035
MinimumVisualStudioVersion = 10.0.40219.1
Project("{888888A0-9F3D-457C-B088-3A5042F75D52}") = "Py_TFG_ASR", "Py_TFG_ASR\Py_TFG_ASR.pyproj", "{EB40C345-6D71-4391-84F2-1CDF1A50DD07}"
EndProject
Global
	GlobalSection(SolutionConfigurationPlatforms) = preSolution
		Debug|Any CPU = Debug|Any CPU
		Release|Any CPU = Release|Any CPU
	EndGlobalSection
	GlobalSection(ProjectConfigurationPlatforms) = postSolution
		{EB40C345-6D71-4391-84F2-1CDF1A50DD07}.Debug|Any CPU.ActiveCfg = Debug|Any CPU
		{EB40C345-6D71-4391-84F2-1CDF1A50DD07}.Release|Any CPU.ActiveCfg = Release|Any CPU
	EndGlobalSection
	GlobalSection(SolutionProperties) = preSolution
		HideSolutionNode = FALSE
	EndGlobalSection
	GlobalSection(ExtensibilityGlobals) = postSolution
		SolutionGuid = {8B4D3D7F-CD91-4E09-9902-BBBAF96B713B}
	EndGlobalSection
EndGlobal
